
Microsoft Visual Studio Solution File, Format Version 12.00
# Visual Studio Version 17
VisualStudioVersion = 17.10.35122.118
MinimumVisualStudioVersion = 10.0.40219.1
Project("{FAE04EC0-301F-11D3-BF4B-00C04F79EFBC}") = "Password Generator", "Password Generator.csproj", "{390ABF23-7965-49F9-9474-97B9FB195588}"
EndProject
Global
	GlobalSection(SolutionConfigurationPlatforms) = preSolution
		Debug|Any CPU = Debug|Any CPU
		Release|Any CPU = Release|Any CPU
	EndGlobalSection
	GlobalSection(ProjectConfigurationPlatforms) = postSolution
		{390ABF23-7965-49F9-9474-97B9FB195588}.Debug|Any CPU.ActiveCfg = Debug|Any CPU
		{390ABF23-7965-49F9-9474-97B9FB195588}.Debug|Any CPU.Build.0 = Debug|Any CPU
		{390ABF23-7965-49F9-9474-97B9FB195588}.Release|Any CPU.ActiveCfg = Release|Any CPU
		{390ABF23-7965-49F9-9474-97B9FB195588}.Release|Any CPU.Build.0 = Release|Any CPU
	EndGlobalSection
	GlobalSection(SolutionProperties) = preSolution
		HideSolutionNode = FALSE
	EndGlobalSection
	GlobalSection(ExtensibilityGlobals) = postSolution
		SolutionGuid = {3F0AE9F4-7031-4ED0-9428-D2E394077029}
	EndGlobalSection
EndGlobal
